
Microsoft Visual Studio Solution File, Format Version 12.00
# Visual Studio 15
Project("{FAE04EC0-301F-11D3-BF4B-00C04F79EFBC}") = "Unity.XR.Interaction.Toolkit.Samples.Hands", "Unity.XR.Interaction.Toolkit.Samples.Hands.csproj", "{2D32DE84-5A0B-B302-988B-73966A677D8A}"
EndProject
Project("{FAE04EC0-301F-11D3-BF4B-00C04F79EFBC}") = "Assembly-CSharp", "Assembly-CSharp.csproj", "{E19A2956-3FD3-B7D9-9D82-567F427F8990}"
EndProject
Project("{FAE04EC0-301F-11D3-BF4B-00C04F79EFBC}") = "Unity.XR.Interaction.Toolkit.Samples.StarterAssets.Editor", "Unity.XR.Interaction.Toolkit.Samples.StarterAssets.Editor.csproj", "{B4F4921C-3C57-10DE-4F6C-079FB461DDA4}"
EndProject
Project("{FAE04EC0-301F-11D3-BF4B-00C04F79EFBC}") = "Unity.XR.Hands.Samples.VisualizerSample", "Unity.XR.Hands.Samples.VisualizerSample.csproj", "{2143BFA3-ACEF-B91B-6D56-B052A27E66F7}"
EndProject
Project("{FAE04EC0-301F-11D3-BF4B-00C04F79EFBC}") = "Unity.XR.Interaction.Toolkit.Samples.Hands.Editor", "Unity.XR.Interaction.Toolkit.Samples.Hands.Editor.csproj", "{B42F894D-927C-DEE3-59C4-BBE794651A2B}"
EndProject
Project("{FAE04EC0-301F-11D3-BF4B-00C04F79EFBC}") = "Unity.XR.Interaction.Toolkit.Samples.StarterAssets", "Unity.XR.Interaction.Toolkit.Samples.StarterAssets.csproj", "{76B9CF37-3517-3550-D19B-840E047ED4C9}"
EndProject
Global
	GlobalSection(SolutionConfigurationPlatforms) = preSolution
		Debug|Any CPU = Debug|Any CPU
		Release|Any CPU = Release|Any CPU
	EndGlobalSection
	GlobalSection(ProjectConfigurationPlatforms) = postSolution
		{2D32DE84-5A0B-B302-988B-73966A677D8A}.Debug|Any CPU.ActiveCfg = Debug|Any CPU
		{2D32DE84-5A0B-B302-988B-73966A677D8A}.Debug|Any CPU.Build.0 = Debug|Any CPU
		{2D32DE84-5A0B-B302-988B-73966A677D8A}.Release|Any CPU.ActiveCfg = Release|Any CPU
		{2D32DE84-5A0B-B302-988B-73966A677D8A}.Release|Any CPU.Build.0 = Release|Any CPU
		{E19A2956-3FD3-B7D9-9D82-567F427F8990}.Debug|Any CPU.ActiveCfg = Debug|Any CPU
		{E19A2956-3FD3-B7D9-9D82-567F427F8990}.Debug|Any CPU.Build.0 = Debug|Any CPU
		{E19A2956-3FD3-B7D9-9D82-567F427F8990}.Release|Any CPU.ActiveCfg = Release|Any CPU
		{E19A2956-3FD3-B7D9-9D82-567F427F8990}.Release|Any CPU.Build.0 = Release|Any CPU
		{B4F4921C-3C57-10DE-4F6C-079FB461DDA4}.Debug|Any CPU.ActiveCfg = Debug|Any CPU
		{B4F4921C-3C57-10DE-4F6C-079FB461DDA4}.Debug|Any CPU.Build.0 = Debug|Any CPU
		{B4F4921C-3C57-10DE-4F6C-079FB461DDA4}.Release|Any CPU.ActiveCfg = Release|Any CPU
		{B4F4921C-3C57-10DE-4F6C-079FB461DDA4}.Release|Any CPU.Build.0 = Release|Any CPU
		{2143BFA3-ACEF-B91B-6D56-B052A27E66F7}.Debug|Any CPU.ActiveCfg = Debug|Any CPU
		{2143BFA3-ACEF-B91B-6D56-B052A27E66F7}.Debug|Any CPU.Build.0 = Debug|Any CPU
		{2143BFA3-ACEF-B91B-6D56-B052A27E66F7}.Release|Any CPU.ActiveCfg = Release|Any CPU
		{2143BFA3-ACEF-B91B-6D56-B052A27E66F7}.Release|Any CPU.Build.0 = Release|Any CPU
		{B42F894D-927C-DEE3-59C4-BBE794651A2B}.Debug|Any CPU.ActiveCfg = Debug|Any CPU
		{B42F894D-927C-DEE3-59C4-BBE794651A2B}.Debug|Any CPU.Build.0 = Debug|Any CPU
		{B42F894D-927C-DEE3-59C4-BBE794651A2B}.Release|Any CPU.ActiveCfg = Release|Any CPU
		{B42F894D-927C-DEE3-59C4-BBE794651A2B}.Release|Any CPU.Build.0 = Release|Any CPU
		{76B9CF37-3517-3550-D19B-840E047ED4C9}.Debug|Any CPU.ActiveCfg = Debug|Any CPU
		{76B9CF37-3517-3550-D19B-840E047ED4C9}.Debug|Any CPU.Build.0 = Debug|Any CPU
		{76B9CF37-3517-3550-D19B-840E047ED4C9}.Release|Any CPU.ActiveCfg = Release|Any CPU
		{76B9CF37-3517-3550-D19B-840E047ED4C9}.Release|Any CPU.Build.0 = Release|Any CPU
	EndGlobalSection
	GlobalSection(SolutionProperties) = preSolution
		HideSolutionNode = FALSE
	EndGlobalSection
EndGlobal
